PODS:
  - BrightFutures (8.0.0)
  - Kumi (0.0.6):
    - SwiftyJSON
  - SwiftyJSON (5.0.0)

DEPENDENCIES:
  - BrightFutures
  - Kumi (from `https://github.com/prolificinteractive/Kumi-iOS.git`, branch `mutant`)

SPEC REPOS:
  https://github.com/cocoapods/specs.git:
    - BrightFutures
    - SwiftyJSON

EXTERNAL SOURCES:
  Kumi:
    :branch: mutant
    :git: https://github.com/prolificinteractive/Kumi-iOS.git

CHECKOUT OPTIONS:
  Kumi:
    :commit: d797061ac16c8862e343506d0b1d7f1a9a155f9d
    :git: https://github.com/prolificinteractive/Kumi-iOS.git

SPEC CHECKSUMS:
  BrightFutures: f8427b46feabaf73c5e71ace7d86d65dfbb47696
  Kumi: ba76825ec05e3f25348aa73eebb177af2a529a2e
  SwiftyJSON: 36413e04c44ee145039d332b4f4e2d3e8d6c4db7

PODFILE CHECKSUM: 9b22e4fd3ca58f90ec76d6e5f193c299adc34307

COCOAPODS: 1.7.1
