// !$*UTF8*$!
{
	archiveVersion = 1;
	classes = {
	};
	objectVersion = 51;
	objects = {

/* Begin PBXBuildFile section */
		D0046990229F559C0028A9D7 /* Button.swift in Sources */ = {isa = PBXBuildFile; fileRef = D004698F229F559C0028A9D7 /* Button.swift */; };
		D0046992229F58BB0028A9D7 /* AnimationStyle.swift in Sources */ = {isa = PBXBuildFile; fileRef = D0046991229F58BB0028A9D7 /* AnimationStyle.swift */; };
		D0046994229F58CC0028A9D7 /* DesignValues.swift in Sources */ = {isa = PBXBuildFile; fileRef = D0046993229F58CC0028A9D7 /* DesignValues.swift */; };
		D0046996229FCB550028A9D7 /* CardControl.swift in Sources */ = {isa = PBXBuildFile; fileRef = D0046995229FCB550028A9D7 /* CardControl.swift */; };
		D0046998229FD2460028A9D7 /* NSDirectionalEdgeInsets.swift in Sources */ = {isa = PBXBuildFile; fileRef = D0046997229FD2460028A9D7 /* NSDirectionalEdgeInsets.swift */; };
		D01B2EB822A2D8B000C3FAF3 /* ImageButton.swift in Sources */ = {isa = PBXBuildFile; fileRef = D01B2EB722A2D8B000C3FAF3 /* ImageButton.swift */; };
		D01B2EBA22A2E3AD00C3FAF3 /* SeatClassIconImageView.swift in Sources */ = {isa = PBXBuildFile; fileRef = D01B2EB922A2E3AD00C3FAF3 /* SeatClassIconImageView.swift */; };
		D01B2EBC22A304AA00C3FAF3 /* BookingViewController.swift in Sources */ = {isa = PBXBuildFile; fileRef = D01B2EBB22A304AA00C3FAF3 /* BookingViewController.swift */; };
		D01B2EBE22A307A100C3FAF3 /* DateLabelSetView.swift in Sources */ = {isa = PBXBuildFile; fileRef = D01B2EBD22A307A100C3FAF3 /* DateLabelSetView.swift */; };
		D01B2EC022A316B000C3FAF3 /* UITableView.swift in Sources */ = {isa = PBXBuildFile; fileRef = D01B2EBF22A316B000C3FAF3 /* UITableView.swift */; };
		D01B2EC222A32ECA00C3FAF3 /* SeatClassTableViewCell.swift in Sources */ = {isa = PBXBuildFile; fileRef = D01B2EC122A32ECA00C3FAF3 /* SeatClassTableViewCell.swift */; };
		D01B2EC422A3D03300C3FAF3 /* SummaryViewController.swift in Sources */ = {isa = PBXBuildFile; fileRef = D01B2EC322A3D03300C3FAF3 /* SummaryViewController.swift */; };
		D01B2EC622A3F4B300C3FAF3 /* SegmentedCardControl.swift in Sources */ = {isa = PBXBuildFile; fileRef = D01B2EC522A3F4B300C3FAF3 /* SegmentedCardControl.swift */; };
		D042A71522A70C7600A0CBFC /* CALayer.swift in Sources */ = {isa = PBXBuildFile; fileRef = D042A71422A70C7600A0CBFC /* CALayer.swift */; };
		D053EBCB229CB33A007CCFFE /* DesignSystemViewController.swift in Sources */ = {isa = PBXBuildFile; fileRef = D053EBCA229CB33A007CCFFE /* DesignSystemViewController.swift */; };
		D053EBCF229CB476007CCFFE /* UIStackView.swift in Sources */ = {isa = PBXBuildFile; fileRef = D053EBCE229CB476007CCFFE /* UIStackView.swift */; };
		D053EBD1229CB772007CCFFE /* UIView.swift in Sources */ = {isa = PBXBuildFile; fileRef = D053EBD0229CB772007CCFFE /* UIView.swift */; };
		D053EBD3229D29B3007CCFFE /* UILabel.swift in Sources */ = {isa = PBXBuildFile; fileRef = D053EBD2229D29B3007CCFFE /* UILabel.swift */; };
		D053EBD5229D42F6007CCFFE /* Theme.swift in Sources */ = {isa = PBXBuildFile; fileRef = D053EBD4229D42F6007CCFFE /* Theme.swift */; };
		D053EBDA229D4C31007CCFFE /* ViewController.swift in Sources */ = {isa = PBXBuildFile; fileRef = D053EBD9229D4C31007CCFFE /* ViewController.swift */; };
		D053EBDC229D4D3D007CCFFE /* Notification.swift in Sources */ = {isa = PBXBuildFile; fileRef = D053EBDB229D4D3D007CCFFE /* Notification.swift */; };
		D053EBDF229D52BB007CCFFE /* Label.swift in Sources */ = {isa = PBXBuildFile; fileRef = D053EBDE229D52BB007CCFFE /* Label.swift */; };
		D074B1CE228B8F6100791F94 /* PrototypeInitialViewController.swift in Sources */ = {isa = PBXBuildFile; fileRef = D074B1CD228B8F6100791F94 /* PrototypeInitialViewController.swift */; };
		D074B1DF228B90AC00791F94 /* BookingCriteriaViewController.swift in Sources */ = {isa = PBXBuildFile; fileRef = D074B1DA228B90AC00791F94 /* BookingCriteriaViewController.swift */; };
		D074B1E0228B90AC00791F94 /* TrainSelectionViewController.swift in Sources */ = {isa = PBXBuildFile; fileRef = D074B1DB228B90AC00791F94 /* TrainSelectionViewController.swift */; };
		D074B1E1228B90AC00791F94 /* SeatClassSelectionViewController.swift in Sources */ = {isa = PBXBuildFile; fileRef = D074B1DC228B90AC00791F94 /* SeatClassSelectionViewController.swift */; };
		D074B1E2228B90AC00791F94 /* SeatMapSelectionViewController.swift in Sources */ = {isa = PBXBuildFile; fileRef = D074B1DD228B90AC00791F94 /* SeatMapSelectionViewController.swift */; };
		D074B1E3228B90AC00791F94 /* BookingConfirmationViewController.swift in Sources */ = {isa = PBXBuildFile; fileRef = D074B1DE228B90AC00791F94 /* BookingConfirmationViewController.swift */; };
		D074B1E5228B90BD00791F94 /* NavigationController.swift in Sources */ = {isa = PBXBuildFile; fileRef = D074B1E4228B90BD00791F94 /* NavigationController.swift */; };
		D074B1E8228B926F00791F94 /* TextStyle.swift in Sources */ = {isa = PBXBuildFile; fileRef = D074B1E7228B926F00791F94 /* TextStyle.swift */; };
		D074B1EA228B927600791F94 /* Colors.swift in Sources */ = {isa = PBXBuildFile; fileRef = D074B1E9228B927600791F94 /* Colors.swift */; };
		D074B1EC228B928100791F94 /* LayerStyle.swift in Sources */ = {isa = PBXBuildFile; fileRef = D074B1EB228B928100791F94 /* LayerStyle.swift */; };
		D09F3F1322A20239005E59C0 /* HeaderRouteInformationView.swift in Sources */ = {isa = PBXBuildFile; fileRef = D09F3F1222A20239005E59C0 /* HeaderRouteInformationView.swift */; };
		D09F3F1522A20ACE005E59C0 /* TrainScheduleTableViewCell.swift in Sources */ = {isa = PBXBuildFile; fileRef = D09F3F1422A20ACE005E59C0 /* TrainScheduleTableViewCell.swift */; };
		D0AD0AC522A9712600F2E976 /* SeatMapView.swift in Sources */ = {isa = PBXBuildFile; fileRef = D0AD0AC422A9712600F2E976 /* SeatMapView.swift */; };
		D0C26E3722A0B7A0001D3065 /* StationPairView.swift in Sources */ = {isa = PBXBuildFile; fileRef = D0C26E3622A0B7A0001D3065 /* StationPairView.swift */; };
		D0C26E3922A13940001D3065 /* DescriptionSetView.swift in Sources */ = {isa = PBXBuildFile; fileRef = D0C26E3822A13940001D3065 /* DescriptionSetView.swift */; };
		D0EAF1B5228B7FB700F3D4F6 /* AppDelegate.swift in Sources */ = {isa = PBXBuildFile; fileRef = D0EAF1B4228B7FB700F3D4F6 /* AppDelegate.swift */; };
		D0EAF1BA228B7FB700F3D4F6 /* Main.storyboard in Resources */ = {isa = PBXBuildFile; fileRef = D0EAF1B8228B7FB700F3D4F6 /* Main.storyboard */; };
		D0EAF1BC228B7FB900F3D4F6 /* Assets.xcassets in Resources */ = {isa = PBXBuildFile; fileRef = D0EAF1BB228B7FB900F3D4F6 /* Assets.xcassets */; };
		D0EAF1BF228B7FB900F3D4F6 /* LaunchScreen.storyboard in Resources */ = {isa = PBXBuildFile; fileRef = D0EAF1BD228B7FB900F3D4F6 /* LaunchScreen.storyboard */; };
		D0EAF4B022A43533002A9282 /* HeadlineWithContainerView.swift in Sources */ = {isa = PBXBuildFile; fileRef = D0EAF4AF22A43533002A9282 /* HeadlineWithContainerView.swift */; };
		D0EAF4B222A442DD002A9282 /* StationCardControl.swift in Sources */ = {isa = PBXBuildFile; fileRef = D0EAF4B122A442DD002A9282 /* StationCardControl.swift */; };
		D0EAF4B422A449BC002A9282 /* ViewControllerAnimatedTransitioning.swift in Sources */ = {isa = PBXBuildFile; fileRef = D0EAF4B322A449BC002A9282 /* ViewControllerAnimatedTransitioning.swift */; };
		D0F175BD22A29AFE0095631F /* UIEdgeInsets.swift in Sources */ = {isa = PBXBuildFile; fileRef = D0F175BC22A29AFE0095631F /* UIEdgeInsets.swift */; };
		D0F175BF22A2A7B60095631F /* DesignSystem.swift in Sources */ = {isa = PBXBuildFile; fileRef = D0F175BE22A2A7B60095631F /* DesignSystem.swift */; };
		D0F6D8B622A085AE00872B5B /* LabelSetView.swift in Sources */ = {isa = PBXBuildFile; fileRef = D0F6D8B522A085AE00872B5B /* LabelSetView.swift */; };
		D0F6D8B822A0867C00872B5B /* SubHeadlineLabelSetView.swift in Sources */ = {isa = PBXBuildFile; fileRef = D0F6D8B722A0867C00872B5B /* SubHeadlineLabelSetView.swift */; };
		D0F6D8BA22A0869400872B5B /* HeadlineLabelSetView.swift in Sources */ = {isa = PBXBuildFile; fileRef = D0F6D8B922A0869400872B5B /* HeadlineLabelSetView.swift */; };
		D0F6D8BC22A0930100872B5B /* CGFloat.swift in Sources */ = {isa = PBXBuildFile; fileRef = D0F6D8BB22A0930100872B5B /* CGFloat.swift */; };
		D0F9E35C22A87C57003B339D /* BackButtonControl.swift in Sources */ = {isa = PBXBuildFile; fileRef = D0F9E35B22A87C57003B339D /* BackButtonControl.swift */; };
		F3B92A8562906132AD800542 /* Pods_Shinkansen_Tickets_Booking_Prototype.framework in Frameworks */ = {isa = PBXBuildFile; fileRef = 2CB8B26EE9F673BC8E92E76F /* Pods_Shinkansen_Tickets_Booking_Prototype.framework */; };
/* End PBXBuildFile section */

/* Begin PBXFileReference section */
		2CB8B26EE9F673BC8E92E76F /* Pods_Shinkansen_Tickets_Booking_Prototype.framework */ = {isa = PBXFileReference; explicitFileType = wrapper.framework; includeInIndex = 0; path = Pods_Shinkansen_Tickets_Booking_Prototype.framework; sourceTree = BUILT_PRODUCTS_DIR; };
		67660B36E4CF0E9B8EA4A1BD /* Pods-Shinkansen Tickets Booking Prototype.release.xcconfig */ = {isa = PBXFileReference; includeInIndex = 1; lastKnownFileType = text.xcconfig; name = "Pods-Shinkansen Tickets Booking Prototype.release.xcconfig"; path = "Target Support Files/Pods-Shinkansen Tickets Booking Prototype/Pods-Shinkansen Tickets Booking Prototype.release.xcconfig"; sourceTree = "<group>"; };
		9FB51CE318A0563A0BD00F1F /* Pods-Shinkansen Tickets Booking Prototype.debug.xcconfig */ = {isa = PBXFileReference; includeInIndex = 1; lastKnownFileType = text.xcconfig; name = "Pods-Shinkansen Tickets Booking Prototype.debug.xcconfig"; path = "Target Support Files/Pods-Shinkansen Tickets Booking Prototype/Pods-Shinkansen Tickets Booking Prototype.debug.xcconfig"; sourceTree = "<group>"; };
		D004698F229F559C0028A9D7 /* Button.swift */ = {isa = PBXFileReference; lastKnownFileType = sourcecode.swift; path = Button.swift; sourceTree = "<group>"; };
		D0046991229F58BB0028A9D7 /* AnimationStyle.swift */ = {isa = PBXFileReference; lastKnownFileType = sourcecode.swift; path = AnimationStyle.swift; sourceTree = "<group>"; };
		D0046993229F58CC0028A9D7 /* DesignValues.swift */ = {isa = PBXFileReference; lastKnownFileType = sourcecode.swift; path = DesignValues.swift; sourceTree = "<group>"; };
		D0046995229FCB550028A9D7 /* CardControl.swift */ = {isa = PBXFileReference; lastKnownFileType = sourcecode.swift; path = CardControl.swift; sourceTree = "<group>"; };
		D0046997229FD2460028A9D7 /* NSDirectionalEdgeInsets.swift */ = {isa = PBXFileReference; lastKnownFileType = sourcecode.swift; path = NSDirectionalEdgeInsets.swift; sourceTree = "<group>"; };
		D01B2EB722A2D8B000C3FAF3 /* ImageButton.swift */ = {isa = PBXFileReference; lastKnownFileType = sourcecode.swift; path = ImageButton.swift; sourceTree = "<group>"; };
		D01B2EB922A2E3AD00C3FAF3 /* SeatClassIconImageView.swift */ = {isa = PBXFileReference; lastKnownFileType = sourcecode.swift; path = SeatClassIconImageView.swift; sourceTree = "<group>"; };
		D01B2EBB22A304AA00C3FAF3 /* BookingViewController.swift */ = {isa = PBXFileReference; lastKnownFileType = sourcecode.swift; path = BookingViewController.swift; sourceTree = "<group>"; };
		D01B2EBD22A307A100C3FAF3 /* DateLabelSetView.swift */ = {isa = PBXFileReference; lastKnownFileType = sourcecode.swift; path = DateLabelSetView.swift; sourceTree = "<group>"; };
		D01B2EBF22A316B000C3FAF3 /* UITableView.swift */ = {isa = PBXFileReference; lastKnownFileType = sourcecode.swift; path = UITableView.swift; sourceTree = "<group>"; };
		D01B2EC122A32ECA00C3FAF3 /* SeatClassTableViewCell.swift */ = {isa = PBXFileReference; lastKnownFileType = sourcecode.swift; path = SeatClassTableViewCell.swift; sourceTree = "<group>"; };
		D01B2EC322A3D03300C3FAF3 /* SummaryViewController.swift */ = {isa = PBXFileReference; lastKnownFileType = sourcecode.swift; path = SummaryViewController.swift; sourceTree = "<group>"; };
		D01B2EC522A3F4B300C3FAF3 /* SegmentedCardControl.swift */ = {isa = PBXFileReference; lastKnownFileType = sourcecode.swift; path = SegmentedCardControl.swift; sourceTree = "<group>"; };
		D042A71422A70C7600A0CBFC /* CALayer.swift */ = {isa = PBXFileReference; lastKnownFileType = sourcecode.swift; path = CALayer.swift; sourceTree = "<group>"; };
		D053EBCA229CB33A007CCFFE /* DesignSystemViewController.swift */ = {isa = PBXFileReference; lastKnownFileType = sourcecode.swift; path = DesignSystemViewController.swift; sourceTree = "<group>"; };
		D053EBCE229CB476007CCFFE /* UIStackView.swift */ = {isa = PBXFileReference; lastKnownFileType = sourcecode.swift; path = UIStackView.swift; sourceTree = "<group>"; };
		D053EBD0229CB772007CCFFE /* UIView.swift */ = {isa = PBXFileReference; lastKnownFileType = sourcecode.swift; path = UIView.swift; sourceTree = "<group>"; };
		D053EBD2229D29B3007CCFFE /* UILabel.swift */ = {isa = PBXFileReference; lastKnownFileType = sourcecode.swift; path = UILabel.swift; sourceTree = "<group>"; };
		D053EBD4229D42F6007CCFFE /* Theme.swift */ = {isa = PBXFileReference; lastKnownFileType = sourcecode.swift; path = Theme.swift; sourceTree = "<group>"; };
		D053EBD9229D4C31007CCFFE /* ViewController.swift */ = {isa = PBXFileReference; lastKnownFileType = sourcecode.swift; path = ViewController.swift; sourceTree = "<group>"; };
		D053EBDB229D4D3D007CCFFE /* Notification.swift */ = {isa = PBXFileReference; lastKnownFileType = sourcecode.swift; path = Notification.swift; sourceTree = "<group>"; };
		D053EBDE229D52BB007CCFFE /* Label.swift */ = {isa = PBXFileReference; lastKnownFileType = sourcecode.swift; path = Label.swift; sourceTree = "<group>"; };
		D074B1CD228B8F6100791F94 /* PrototypeInitialViewController.swift */ = {isa = PBXFileReference; lastKnownFileType = sourcecode.swift; path = PrototypeInitialViewController.swift; sourceTree = "<group>"; };
		D074B1DA228B90AC00791F94 /* BookingCriteriaViewController.swift */ = {isa = PBXFileReference; fileEncoding = 4; lastKnownFileType = sourcecode.swift; path = BookingCriteriaViewController.swift; sourceTree = "<group>"; };
		D074B1DB228B90AC00791F94 /* TrainSelectionViewController.swift */ = {isa = PBXFileReference; fileEncoding = 4; lastKnownFileType = sourcecode.swift; path = TrainSelectionViewController.swift; sourceTree = "<group>"; };
		D074B1DC228B90AC00791F94 /* SeatClassSelectionViewController.swift */ = {isa = PBXFileReference; fileEncoding = 4; lastKnownFileType = sourcecode.swift; path = SeatClassSelectionViewController.swift; sourceTree = "<group>"; };
		D074B1DD228B90AC00791F94 /* SeatMapSelectionViewController.swift */ = {isa = PBXFileReference; fileEncoding = 4; lastKnownFileType = sourcecode.swift; path = SeatMapSelectionViewController.swift; sourceTree = "<group>"; };
		D074B1DE228B90AC00791F94 /* BookingConfirmationViewController.swift */ = {isa = PBXFileReference; fileEncoding = 4; lastKnownFileType = sourcecode.swift; path = BookingConfirmationViewController.swift; sourceTree = "<group>"; };
		D074B1E4228B90BD00791F94 /* NavigationController.swift */ = {isa = PBXFileReference; lastKnownFileType = sourcecode.swift; path = NavigationController.swift; sourceTree = "<group>"; };
		D074B1E7228B926F00791F94 /* TextStyle.swift */ = {isa = PBXFileReference; lastKnownFileType = sourcecode.swift; path = TextStyle.swift; sourceTree = "<group>"; };
		D074B1E9228B927600791F94 /* Colors.swift */ = {isa = PBXFileReference; lastKnownFileType = sourcecode.swift; path = Colors.swift; sourceTree = "<group>"; };
		D074B1EB228B928100791F94 /* LayerStyle.swift */ = {isa = PBXFileReference; lastKnownFileType = sourcecode.swift; path = LayerStyle.swift; sourceTree = "<group>"; };
		D09F3F1222A20239005E59C0 /* HeaderRouteInformationView.swift */ = {isa = PBXFileReference; lastKnownFileType = sourcecode.swift; path = HeaderRouteInformationView.swift; sourceTree = "<group>"; };
		D09F3F1422A20ACE005E59C0 /* TrainScheduleTableViewCell.swift */ = {isa = PBXFileReference; lastKnownFileType = sourcecode.swift; path = TrainScheduleTableViewCell.swift; sourceTree = "<group>"; };
		D0AD0AC422A9712600F2E976 /* SeatMapView.swift */ = {isa = PBXFileReference; lastKnownFileType = sourcecode.swift; path = SeatMapView.swift; sourceTree = "<group>"; };
		D0C26E3622A0B7A0001D3065 /* StationPairView.swift */ = {isa = PBXFileReference; lastKnownFileType = sourcecode.swift; path = StationPairView.swift; sourceTree = "<group>"; };
		D0C26E3822A13940001D3065 /* DescriptionSetView.swift */ = {isa = PBXFileReference; lastKnownFileType = sourcecode.swift; path = DescriptionSetView.swift; sourceTree = "<group>"; };
		D0EAF1B1228B7FB700F3D4F6 /* Shinkansen Tickets Booking Prototype.app */ = {isa = PBXFileReference; explicitFileType = wrapper.application; includeInIndex = 0; path = "Shinkansen Tickets Booking Prototype.app"; sourceTree = BUILT_PRODUCTS_DIR; };
		D0EAF1B4228B7FB700F3D4F6 /* AppDelegate.swift */ = {isa = PBXFileReference; lastKnownFileType = sourcecode.swift; path = AppDelegate.swift; sourceTree = "<group>"; };
		D0EAF1B9228B7FB700F3D4F6 /* Base */ = {isa = PBXFileReference; lastKnownFileType = file.storyboard; name = Base; path = Base.lproj/Main.storyboard; sourceTree = "<group>"; };
		D0EAF1BB228B7FB900F3D4F6 /* Assets.xcassets */ = {isa = PBXFileReference; lastKnownFileType = folder.assetcatalog; path = Assets.xcassets; sourceTree = "<group>"; };
		D0EAF1BE228B7FB900F3D4F6 /* Base */ = {isa = PBXFileReference; lastKnownFileType = file.storyboard; name = Base; path = Base.lproj/LaunchScreen.storyboard; sourceTree = "<group>"; };
		D0EAF1C0228B7FB900F3D4F6 /* Info.plist */ = {isa = PBXFileReference; lastKnownFileType = text.plist.xml; path = Info.plist; sourceTree = "<group>"; };
		D0EAF4AF22A43533002A9282 /* HeadlineWithContainerView.swift */ = {isa = PBXFileReference; lastKnownFileType = sourcecode.swift; path = HeadlineWithContainerView.swift; sourceTree = "<group>"; };
		D0EAF4B122A442DD002A9282 /* StationCardControl.swift */ = {isa = PBXFileReference; lastKnownFileType = sourcecode.swift; path = StationCardControl.swift; sourceTree = "<group>"; };
		D0EAF4B322A449BC002A9282 /* ViewControllerAnimatedTransitioning.swift */ = {isa = PBXFileReference; lastKnownFileType = sourcecode.swift; path = ViewControllerAnimatedTransitioning.swift; sourceTree = "<group>"; };
		D0F175BC22A29AFE0095631F /* UIEdgeInsets.swift */ = {isa = PBXFileReference; lastKnownFileType = sourcecode.swift; path = UIEdgeInsets.swift; sourceTree = "<group>"; };
		D0F175BE22A2A7B60095631F /* DesignSystem.swift */ = {isa = PBXFileReference; lastKnownFileType = sourcecode.swift; path = DesignSystem.swift; sourceTree = "<group>"; };
		D0F6D8B522A085AE00872B5B /* LabelSetView.swift */ = {isa = PBXFileReference; lastKnownFileType = sourcecode.swift; path = LabelSetView.swift; sourceTree = "<group>"; };
		D0F6D8B722A0867C00872B5B /* SubHeadlineLabelSetView.swift */ = {isa = PBXFileReference; lastKnownFileType = sourcecode.swift; path = SubHeadlineLabelSetView.swift; sourceTree = "<group>"; };
		D0F6D8B922A0869400872B5B /* HeadlineLabelSetView.swift */ = {isa = PBXFileReference; lastKnownFileType = sourcecode.swift; path = HeadlineLabelSetView.swift; sourceTree = "<group>"; };
		D0F6D8BB22A0930100872B5B /* CGFloat.swift */ = {isa = PBXFileReference; lastKnownFileType = sourcecode.swift; path = CGFloat.swift; sourceTree = "<group>"; };
		D0F9E35B22A87C57003B339D /* BackButtonControl.swift */ = {isa = PBXFileReference; lastKnownFileType = sourcecode.swift; path = BackButtonControl.swift; sourceTree = "<group>"; };
/* End PBXFileReference section */

/* Begin PBXFrameworksBuildPhase section */
		D0EAF1AE228B7FB700F3D4F6 /* Frameworks */ = {
			isa = PBXFrameworksBuildPhase;
			buildActionMask = 2147483647;
			files = (
				F3B92A8562906132AD800542 /* Pods_Shinkansen_Tickets_Booking_Prototype.framework in Frameworks */,
			);
			runOnlyForDeploymentPostprocessing = 0;
		};
/* End PBXFrameworksBuildPhase section */

/* Begin PBXGroup section */
		865DF0FC68928DF1C21699FF /* Pods */ = {
			isa = PBXGroup;
			children = (
				9FB51CE318A0563A0BD00F1F /* Pods-Shinkansen Tickets Booking Prototype.debug.xcconfig */,
				67660B36E4CF0E9B8EA4A1BD /* Pods-Shinkansen Tickets Booking Prototype.release.xcconfig */,
			);
			path = Pods;
			sourceTree = "<group>";
		};
		D053EBCC229CB413007CCFFE /* Resuables */ = {
			isa = PBXGroup;
			children = (
				D074B1E6228B926100791F94 /* DesignSystem */,
				D053EBDD229D52A3007CCFFE /* MoleculeComponents */,
				D053EBD7229D4BFC007CCFFE /* OrganismComponents */,
				D053EBD8229D4C0E007CCFFE /* ViewControllers */,
				D053EBCD229CB432007CCFFE /* Extensions */,
			);
			path = Resuables;
			sourceTree = "<group>";
		};
		D053EBCD229CB432007CCFFE /* Extensions */ = {
			isa = PBXGroup;
			children = (
				D0046997229FD2460028A9D7 /* NSDirectionalEdgeInsets.swift */,
				D01B2EBF22A316B000C3FAF3 /* UITableView.swift */,
				D0F175BC22A29AFE0095631F /* UIEdgeInsets.swift */,
				D0F6D8BB22A0930100872B5B /* CGFloat.swift */,
				D053EBCE229CB476007CCFFE /* UIStackView.swift */,
				D053EBD2229D29B3007CCFFE /* UILabel.swift */,
				D053EBD0229CB772007CCFFE /* UIView.swift */,
				D053EBDB229D4D3D007CCFFE /* Notification.swift */,
				D042A71422A70C7600A0CBFC /* CALayer.swift */,
			);
			path = Extensions;
			sourceTree = "<group>";
		};
		D053EBD7229D4BFC007CCFFE /* OrganismComponents */ = {
			isa = PBXGroup;
			children = (
				D0F6D8B922A0869400872B5B /* HeadlineLabelSetView.swift */,
				D0F6D8B722A0867C00872B5B /* SubHeadlineLabelSetView.swift */,
				D0F6D8B522A085AE00872B5B /* LabelSetView.swift */,
				D0C26E3622A0B7A0001D3065 /* StationPairView.swift */,
				D0C26E3822A13940001D3065 /* DescriptionSetView.swift */,
				D09F3F1222A20239005E59C0 /* HeaderRouteInformationView.swift */,
				D01B2EBD22A307A100C3FAF3 /* DateLabelSetView.swift */,
				D01B2EB922A2E3AD00C3FAF3 /* SeatClassIconImageView.swift */,
				D09F3F1422A20ACE005E59C0 /* TrainScheduleTableViewCell.swift */,
				D01B2EC122A32ECA00C3FAF3 /* SeatClassTableViewCell.swift */,
				D0EAF4AF22A43533002A9282 /* HeadlineWithContainerView.swift */,
				D0EAF4B122A442DD002A9282 /* StationCardControl.swift */,
				D0AD0AC422A9712600F2E976 /* SeatMapView.swift */,
			);
			path = OrganismComponents;
			sourceTree = "<group>";
		};
		D053EBD8229D4C0E007CCFFE /* ViewControllers */ = {
			isa = PBXGroup;
			children = (
				D053EBD9229D4C31007CCFFE /* ViewController.swift */,
			);
			path = ViewControllers;
			sourceTree = "<group>";
		};
		D053EBDD229D52A3007CCFFE /* MoleculeComponents */ = {
			isa = PBXGroup;
			children = (
				D053EBDE229D52BB007CCFFE /* Label.swift */,
				D004698F229F559C0028A9D7 /* Button.swift */,
				D01B2EB722A2D8B000C3FAF3 /* ImageButton.swift */,
				D0046995229FCB550028A9D7 /* CardControl.swift */,
				D01B2EC522A3F4B300C3FAF3 /* SegmentedCardControl.swift */,
				D0F9E35B22A87C57003B339D /* BackButtonControl.swift */,
			);
			path = MoleculeComponents;
			sourceTree = "<group>";
		};
		D074B1D9228B90AC00791F94 /* Booking */ = {
			isa = PBXGroup;
			children = (
				D074B1E4228B90BD00791F94 /* NavigationController.swift */,
				D0EAF4B322A449BC002A9282 /* ViewControllerAnimatedTransitioning.swift */,
				D01B2EBB22A304AA00C3FAF3 /* BookingViewController.swift */,
				D074B1DA228B90AC00791F94 /* BookingCriteriaViewController.swift */,
				D074B1DB228B90AC00791F94 /* TrainSelectionViewController.swift */,
				D074B1DC228B90AC00791F94 /* SeatClassSelectionViewController.swift */,
				D074B1DD228B90AC00791F94 /* SeatMapSelectionViewController.swift */,
				D074B1DE228B90AC00791F94 /* BookingConfirmationViewController.swift */,
				D01B2EC322A3D03300C3FAF3 /* SummaryViewController.swift */,
			);
			path = Booking;
			sourceTree = "<group>";
		};
		D074B1E6228B926100791F94 /* DesignSystem */ = {
			isa = PBXGroup;
			children = (
				D053EBD4229D42F6007CCFFE /* Theme.swift */,
				D0F175BE22A2A7B60095631F /* DesignSystem.swift */,
				D0046993229F58CC0028A9D7 /* DesignValues.swift */,
				D074B1E9228B927600791F94 /* Colors.swift */,
				D074B1E7228B926F00791F94 /* TextStyle.swift */,
				D074B1EB228B928100791F94 /* LayerStyle.swift */,
				D0046991229F58BB0028A9D7 /* AnimationStyle.swift */,
			);
			path = DesignSystem;
			sourceTree = "<group>";
		};
		D0EAF1A8228B7FB700F3D4F6 = {
			isa = PBXGroup;
			children = (
				D0EAF1B3228B7FB700F3D4F6 /* Shinkansen Tickets Booking Prototype */,
				D0EAF1B2228B7FB700F3D4F6 /* Products */,
				865DF0FC68928DF1C21699FF /* Pods */,
				D42F2C7267605DFEF7363CBA /* Frameworks */,
			);
			sourceTree = "<group>";
		};
		D0EAF1B2228B7FB700F3D4F6 /* Products */ = {
			isa = PBXGroup;
			children = (
				D0EAF1B1228B7FB700F3D4F6 /* Shinkansen Tickets Booking Prototype.app */,
			);
			name = Products;
			sourceTree = "<group>";
		};
		D0EAF1B3228B7FB700F3D4F6 /* Shinkansen Tickets Booking Prototype */ = {
			isa = PBXGroup;
			children = (
				D0EAF1B4228B7FB700F3D4F6 /* AppDelegate.swift */,
				D053EBCC229CB413007CCFFE /* Resuables */,
				D074B1D9228B90AC00791F94 /* Booking */,
				D074B1CD228B8F6100791F94 /* PrototypeInitialViewController.swift */,
				D053EBCA229CB33A007CCFFE /* DesignSystemViewController.swift */,
				D0EAF1B8228B7FB700F3D4F6 /* Main.storyboard */,
				D0EAF1BB228B7FB900F3D4F6 /* Assets.xcassets */,
				D0EAF1BD228B7FB900F3D4F6 /* LaunchScreen.storyboard */,
				D0EAF1C0228B7FB900F3D4F6 /* Info.plist */,
			);
			path = "Shinkansen Tickets Booking Prototype";
			sourceTree = "<group>";
		};
		D42F2C7267605DFEF7363CBA /* Frameworks */ = {
			isa = PBXGroup;
			children = (
				2CB8B26EE9F673BC8E92E76F /* Pods_Shinkansen_Tickets_Booking_Prototype.framework */,
			);
			name = Frameworks;
			sourceTree = "<group>";
		};
/* End PBXGroup section */

/* Begin PBXNativeTarget section */
		D0EAF1B0228B7FB700F3D4F6 /* Shinkansen Tickets Booking Prototype */ = {
			isa = PBXNativeTarget;
			buildConfigurationList = D0EAF1C3228B7FB900F3D4F6 /* Build configuration list for PBXNativeTarget "Shinkansen Tickets Booking Prototype" */;
			buildPhases = (
				0FECD1314AE3A8DF702ABF50 /* [CP] Check Pods Manifest.lock */,
				D0EAF1AD228B7FB700F3D4F6 /* Sources */,
				D0EAF1AE228B7FB700F3D4F6 /* Frameworks */,
				D0EAF1AF228B7FB700F3D4F6 /* Resources */,
				2FED9DC9ED44C027407D7805 /* [CP] Embed Pods Frameworks */,
			);
			buildRules = (
			);
			dependencies = (
			);
			name = "Shinkansen Tickets Booking Prototype";
			productName = "Shinkansen Tickets Booking Prototype";
			productReference = D0EAF1B1228B7FB700F3D4F6 /* Shinkansen Tickets Booking Prototype.app */;
			productType = "com.apple.product-type.application";
		};
/* End PBXNativeTarget section */

/* Begin PBXProject section */
		D0EAF1A9228B7FB700F3D4F6 /* Project object */ = {
			isa = PBXProject;
			attributes = {
				LastSwiftUpdateCheck = 1020;
				LastUpgradeCheck = 1020;
				ORGANIZATIONNAME = "Virakri Jinangkul";
				TargetAttributes = {
					D0EAF1B0228B7FB700F3D4F6 = {
						CreatedOnToolsVersion = 10.2.1;
					};
				};
			};
			buildConfigurationList = D0EAF1AC228B7FB700F3D4F6 /* Build configuration list for PBXProject "Shinkansen Tickets Booking Prototype" */;
			compatibilityVersion = "Xcode 9.3";
			developmentRegion = en;
			hasScannedForEncodings = 0;
			knownRegions = (
				en,
				Base,
			);
			mainGroup = D0EAF1A8228B7FB700F3D4F6;
			productRefGroup = D0EAF1B2228B7FB700F3D4F6 /* Products */;
			projectDirPath = "";
			projectRoot = "";
			targets = (
				D0EAF1B0228B7FB700F3D4F6 /* Shinkansen Tickets Booking Prototype */,
			);
		};
/* End PBXProject section */

/* Begin PBXResourcesBuildPhase section */
		D0EAF1AF228B7FB700F3D4F6 /* Resources */ = {
			isa = PBXResourcesBuildPhase;
			buildActionMask = 2147483647;
			files = (
				D0EAF1BF228B7FB900F3D4F6 /* LaunchScreen.storyboard in Resources */,
				D0EAF1BC228B7FB900F3D4F6 /* Assets.xcassets in Resources */,
				D0EAF1BA228B7FB700F3D4F6 /* Main.storyboard in Resources */,
			);
			runOnlyForDeploymentPostprocessing = 0;
		};
/* End PBXResourcesBuildPhase section */

/* Begin PBXShellScriptBuildPhase section */
		0FECD1314AE3A8DF702ABF50 /* [CP] Check Pods Manifest.lock */ = {
			isa = PBXShellScriptBuildPhase;
			buildActionMask = 2147483647;
			files = (
			);
			inputFileListPaths = (
			);
			inputPaths = (
				"${PODS_PODFILE_DIR_PATH}/Podfile.lock",
				"${PODS_ROOT}/Manifest.lock",
			);
			name = "[CP] Check Pods Manifest.lock";
			outputFileListPaths = (
			);
			outputPaths = (
				"$(DERIVED_FILE_DIR)/Pods-Shinkansen Tickets Booking Prototype-checkManifestLockResult.txt",
			);
			runOnlyForDeploymentPostprocessing = 0;
			shellPath = /bin/sh;
			shellScript = "diff \"${PODS_PODFILE_DIR_PATH}/Podfile.lock\" \"${PODS_ROOT}/Manifest.lock\" > /dev/null\nif [ $? != 0 ] ; then\n    # print error to STDERR\n    echo \"error: The sandbox is not in sync with the Podfile.lock. Run 'pod install' or update your CocoaPods installation.\" >&2\n    exit 1\nfi\n# This output is used by Xcode 'outputs' to avoid re-running this script phase.\necho \"SUCCESS\" > \"${SCRIPT_OUTPUT_FILE_0}\"\n";
			showEnvVarsInLog = 0;
		};
		2FED9DC9ED44C027407D7805 /* [CP] Embed Pods Frameworks */ = {
			isa = PBXShellScriptBuildPhase;
			buildActionMask = 2147483647;
			files = (
			);
			inputFileListPaths = (
				"${PODS_ROOT}/Target Support Files/Pods-Shinkansen Tickets Booking Prototype/Pods-Shinkansen Tickets Booking Prototype-frameworks-${CONFIGURATION}-input-files.xcfilelist",
			);
			name = "[CP] Embed Pods Frameworks";
			outputFileListPaths = (
				"${PODS_ROOT}/Target Support Files/Pods-Shinkansen Tickets Booking Prototype/Pods-Shinkansen Tickets Booking Prototype-frameworks-${CONFIGURATION}-output-files.xcfilelist",
			);
			runOnlyForDeploymentPostprocessing = 0;
			shellPath = /bin/sh;
			shellScript = "\"${PODS_ROOT}/Target Support Files/Pods-Shinkansen Tickets Booking Prototype/Pods-Shinkansen Tickets Booking Prototype-frameworks.sh\"\n";
			showEnvVarsInLog = 0;
		};
/* End PBXShellScriptBuildPhase section */

/* Begin PBXSourcesBuildPhase section */
		D0EAF1AD228B7FB700F3D4F6 /* Sources */ = {
			isa = PBXSourcesBuildPhase;
			buildActionMask = 2147483647;
			files = (
				D0EAF4B222A442DD002A9282 /* StationCardControl.swift in Sources */,
				D074B1E1228B90AC00791F94 /* SeatClassSelectionViewController.swift in Sources */,
				D0046996229FCB550028A9D7 /* CardControl.swift in Sources */,
				D0046992229F58BB0028A9D7 /* AnimationStyle.swift in Sources */,
				D01B2EC422A3D03300C3FAF3 /* SummaryViewController.swift in Sources */,
				D074B1EA228B927600791F94 /* Colors.swift in Sources */,
				D053EBDC229D4D3D007CCFFE /* Notification.swift in Sources */,
				D053EBCB229CB33A007CCFFE /* DesignSystemViewController.swift in Sources */,
				D074B1E3228B90AC00791F94 /* BookingConfirmationViewController.swift in Sources */,
				D074B1E0228B90AC00791F94 /* TrainSelectionViewController.swift in Sources */,
				D0C26E3922A13940001D3065 /* DescriptionSetView.swift in Sources */,
				D01B2EBA22A2E3AD00C3FAF3 /* SeatClassIconImageView.swift in Sources */,
				D074B1E5228B90BD00791F94 /* NavigationController.swift in Sources */,
				D01B2EBC22A304AA00C3FAF3 /* BookingViewController.swift in Sources */,
				D074B1DF228B90AC00791F94 /* BookingCriteriaViewController.swift in Sources */,
				D074B1CE228B8F6100791F94 /* PrototypeInitialViewController.swift in Sources */,
				D053EBDF229D52BB007CCFFE /* Label.swift in Sources */,
				D074B1EC228B928100791F94 /* LayerStyle.swift in Sources */,
				D053EBDA229D4C31007CCFFE /* ViewController.swift in Sources */,
				D0EAF4B022A43533002A9282 /* HeadlineWithContainerView.swift in Sources */,
				D0F6D8B622A085AE00872B5B /* LabelSetView.swift in Sources */,
				D0AD0AC522A9712600F2E976 /* SeatMapView.swift in Sources */,
				D01B2EBE22A307A100C3FAF3 /* DateLabelSetView.swift in Sources */,
				D053EBD5229D42F6007CCFFE /* Theme.swift in Sources */,
				D0C26E3722A0B7A0001D3065 /* StationPairView.swift in Sources */,
				D09F3F1522A20ACE005E59C0 /* TrainScheduleTableViewCell.swift in Sources */,
				D0F6D8BC22A0930100872B5B /* CGFloat.swift in Sources */,
				D01B2EC622A3F4B300C3FAF3 /* SegmentedCardControl.swift in Sources */,
				D01B2EC022A316B000C3FAF3 /* UITableView.swift in Sources */,
				D0F175BD22A29AFE0095631F /* UIEdgeInsets.swift in Sources */,
				D0F9E35C22A87C57003B339D /* BackButtonControl.swift in Sources */,
				D0EAF1B5228B7FB700F3D4F6 /* AppDelegate.swift in Sources */,
				D09F3F1322A20239005E59C0 /* HeaderRouteInformationView.swift in Sources */,
				D053EBD3229D29B3007CCFFE /* UILabel.swift in Sources */,
				D0EAF4B422A449BC002A9282 /* ViewControllerAnimatedTransitioning.swift in Sources */,
				D0F175BF22A2A7B60095631F /* DesignSystem.swift in Sources */,
				D01B2EC222A32ECA00C3FAF3 /* SeatClassTableViewCell.swift in Sources */,
				D0F6D8B822A0867C00872B5B /* SubHeadlineLabelSetView.swift in Sources */,
				D0046994229F58CC0028A9D7 /* DesignValues.swift in Sources */,
				D0F6D8BA22A0869400872B5B /* HeadlineLabelSetView.swift in Sources */,
				D0046998229FD2460028A9D7 /* NSDirectionalEdgeInsets.swift in Sources */,
				D0046990229F559C0028A9D7 /* Button.swift in Sources */,
				D053EBD1229CB772007CCFFE /* UIView.swift in Sources */,
				D074B1E8228B926F00791F94 /* TextStyle.swift in Sources */,
				D01B2EB822A2D8B000C3FAF3 /* ImageButton.swift in Sources */,
				D042A71522A70C7600A0CBFC /* CALayer.swift in Sources */,
				D053EBCF229CB476007CCFFE /* UIStackView.swift in Sources */,
				D074B1E2228B90AC00791F94 /* SeatMapSelectionViewController.swift in Sources */,
			);
			runOnlyForDeploymentPostprocessing = 0;
		};
/* End PBXSourcesBuildPhase section */

/* Begin PBXVariantGroup section */
		D0EAF1B8228B7FB700F3D4F6 /* Main.storyboard */ = {
			isa = PBXVariantGroup;
			children = (
				D0EAF1B9228B7FB700F3D4F6 /* Base */,
			);
			name = Main.storyboard;
			sourceTree = "<group>";
		};
		D0EAF1BD228B7FB900F3D4F6 /* LaunchScreen.storyboard */ = {
			isa = PBXVariantGroup;
			children = (
				D0EAF1BE228B7FB900F3D4F6 /* Base */,
			);
			name = LaunchScreen.storyboard;
			sourceTree = "<group>";
		};
/* End PBXVariantGroup section */

/* Begin XCBuildConfiguration section */
		D0EAF1C1228B7FB900F3D4F6 /* Debug */ = {
			isa = XCBuildConfiguration;
			buildSettings = {
				ALWAYS_SEARCH_USER_PATHS = NO;
				CLANG_ANALYZER_NONNULL = YES;
				CLANG_ANALYZER_NUMBER_OBJECT_CONVERSION = YES_AGGRESSIVE;
				CLANG_CXX_LANGUAGE_STANDARD = "gnu++14";
				CLANG_CXX_LIBRARY = "libc++";
				CLANG_ENABLE_MODULES = YES;
				CLANG_ENABLE_OBJC_ARC = YES;
				CLANG_ENABLE_OBJC_WEAK = YES;
				CLANG_WARN_BLOCK_CAPTURE_AUTORELEASING = YES;
				CLANG_WARN_BOOL_CONVERSION = YES;
				CLANG_WARN_COMMA = YES;
				CLANG_WARN_CONSTANT_CONVERSION = YES;
				CLANG_WARN_DEPRECATED_OBJC_IMPLEMENTATIONS = YES;
				CLANG_WARN_DIRECT_OBJC_ISA_USAGE = YES_ERROR;
				CLANG_WARN_DOCUMENTATION_COMMENTS = YES;
				CLANG_WARN_EMPTY_BODY = YES;
				CLANG_WARN_ENUM_CONVERSION = YES;
				CLANG_WARN_INFINITE_RECURSION = YES;
				CLANG_WARN_INT_CONVERSION = YES;
				CLANG_WARN_NON_LITERAL_NULL_CONVERSION = YES;
				CLANG_WARN_OBJC_IMPLICIT_RETAIN_SELF = YES;
				CLANG_WARN_OBJC_LITERAL_CONVERSION = YES;
				CLANG_WARN_OBJC_ROOT_CLASS = YES_ERROR;
				CLANG_WARN_RANGE_LOOP_ANALYSIS = YES;
				CLANG_WARN_STRICT_PROTOTYPES = YES;
				CLANG_WARN_SUSPICIOUS_MOVE = YES;
				CLANG_WARN_UNGUARDED_AVAILABILITY = YES_AGGRESSIVE;
				CLANG_WARN_UNREACHABLE_CODE = YES;
				CLANG_WARN__DUPLICATE_METHOD_MATCH = YES;
				CODE_SIGN_IDENTITY = "iPhone Developer";
				COPY_PHASE_STRIP = NO;
				DEBUG_INFORMATION_FORMAT = dwarf;
				ENABLE_STRICT_OBJC_MSGSEND = YES;
				ENABLE_TESTABILITY = YES;
				GCC_C_LANGUAGE_STANDARD = gnu11;
				GCC_DYNAMIC_NO_PIC = NO;
				GCC_NO_COMMON_BLOCKS = YES;
				GCC_OPTIMIZATION_LEVEL = 0;
				GCC_PREPROCESSOR_DEFINITIONS = (
					"DEBUG=1",
					"$(inherited)",
				);
				GCC_WARN_64_TO_32_BIT_CONVERSION = YES;
				GCC_WARN_ABOUT_RETURN_TYPE = YES_ERROR;
				GCC_WARN_UNDECLARED_SELECTOR = YES;
				GCC_WARN_UNINITIALIZED_AUTOS = YES_AGGRESSIVE;
				GCC_WARN_UNUSED_FUNCTION = YES;
				GCC_WARN_UNUSED_VARIABLE = YES;
				IPHONEOS_DEPLOYMENT_TARGET = 12.2;
				MTL_ENABLE_DEBUG_INFO = INCLUDE_SOURCE;
				MTL_FAST_MATH = YES;
				ONLY_ACTIVE_ARCH = YES;
				SDKROOT = iphoneos;
				SWIFT_ACTIVE_COMPILATION_CONDITIONS = DEBUG;
				SWIFT_OPTIMIZATION_LEVEL = "-Onone";
			};
			name = Debug;
		};
		D0EAF1C2228B7FB900F3D4F6 /* Release */ = {
			isa = XCBuildConfiguration;
			buildSettings = {
				ALWAYS_SEARCH_USER_PATHS = NO;
				CLANG_ANALYZER_NONNULL = YES;
				CLANG_ANALYZER_NUMBER_OBJECT_CONVERSION = YES_AGGRESSIVE;
				CLANG_CXX_LANGUAGE_STANDARD = "gnu++14";
				CLANG_CXX_LIBRARY = "libc++";
				CLANG_ENABLE_MODULES = YES;
				CLANG_ENABLE_OBJC_ARC = YES;
				CLANG_ENABLE_OBJC_WEAK = YES;
				CLANG_WARN_BLOCK_CAPTURE_AUTORELEASING = YES;
				CLANG_WARN_BOOL_CONVERSION = YES;
				CLANG_WARN_COMMA = YES;
				CLANG_WARN_CONSTANT_CONVERSION = YES;
				CLANG_WARN_DEPRECATED_OBJC_IMPLEMENTATIONS = YES;
				CLANG_WARN_DIRECT_OBJC_ISA_USAGE = YES_ERROR;
				CLANG_WARN_DOCUMENTATION_COMMENTS = YES;
				CLANG_WARN_EMPTY_BODY = YES;
				CLANG_WARN_ENUM_CONVERSION = YES;
				CLANG_WARN_INFINITE_RECURSION = YES;
				CLANG_WARN_INT_CONVERSION = YES;
				CLANG_WARN_NON_LITERAL_NULL_CONVERSION = YES;
				CLANG_WARN_OBJC_IMPLICIT_RETAIN_SELF = YES;
				CLANG_WARN_OBJC_LITERAL_CONVERSION = YES;
				CLANG_WARN_OBJC_ROOT_CLASS = YES_ERROR;
				CLANG_WARN_RANGE_LOOP_ANALYSIS = YES;
				CLANG_WARN_STRICT_PROTOTYPES = YES;
				CLANG_WARN_SUSPICIOUS_MOVE = YES;
				CLANG_WARN_UNGUARDED_AVAILABILITY = YES_AGGRESSIVE;
				CLANG_WARN_UNREACHABLE_CODE = YES;
				CLANG_WARN__DUPLICATE_METHOD_MATCH = YES;
				CODE_SIGN_IDENTITY = "iPhone Developer";
				COPY_PHASE_STRIP = NO;
				DEBUG_INFORMATION_FORMAT = "dwarf-with-dsym";
				ENABLE_NS_ASSERTIONS = NO;
				ENABLE_STRICT_OBJC_MSGSEND = YES;
				GCC_C_LANGUAGE_STANDARD = gnu11;
				GCC_NO_COMMON_BLOCKS = YES;
				GCC_WARN_64_TO_32_BIT_CONVERSION = YES;
				GCC_WARN_ABOUT_RETURN_TYPE = YES_ERROR;
				GCC_WARN_UNDECLARED_SELECTOR = YES;
				GCC_WARN_UNINITIALIZED_AUTOS = YES_AGGRESSIVE;
				GCC_WARN_UNUSED_FUNCTION = YES;
				GCC_WARN_UNUSED_VARIABLE = YES;
				IPHONEOS_DEPLOYMENT_TARGET = 12.2;
				MTL_ENABLE_DEBUG_INFO = NO;
				MTL_FAST_MATH = YES;
				SDKROOT = iphoneos;
				SWIFT_COMPILATION_MODE = wholemodule;
				SWIFT_OPTIMIZATION_LEVEL = "-O";
				VALIDATE_PRODUCT = YES;
			};
			name = Release;
		};
		D0EAF1C4228B7FB900F3D4F6 /* Debug */ = {
			isa = XCBuildConfiguration;
			baseConfigurationReference = 9FB51CE318A0563A0BD00F1F /* Pods-Shinkansen Tickets Booking Prototype.debug.xcconfig */;
			buildSettings = {
				ASSETCATALOG_COMPILER_APPICON_NAME = AppIcon;
				CODE_SIGN_IDENTITY = "iPhone Developer";
				CODE_SIGN_STYLE = Automatic;
				DEVELOPMENT_TEAM = EJ5UD9292F;
				INFOPLIST_FILE = "Shinkansen Tickets Booking Prototype/Info.plist";
				LD_RUNPATH_SEARCH_PATHS = (
					"$(inherited)",
					"@executable_path/Frameworks",
				);
				PRODUCT_BUNDLE_IDENTIFIER = "com.virakri.Shinkansen-Tickets-Booking-Prototype";
				PRODUCT_NAME = "$(TARGET_NAME)";
				PROVISIONING_PROFILE_SPECIFIER = "";
				SWIFT_VERSION = 5.0;
				TARGETED_DEVICE_FAMILY = "1,2";
			};
			name = Debug;
		};
		D0EAF1C5228B7FB900F3D4F6 /* Release */ = {
			isa = XCBuildConfiguration;
			baseConfigurationReference = 67660B36E4CF0E9B8EA4A1BD /* Pods-Shinkansen Tickets Booking Prototype.release.xcconfig */;
			buildSettings = {
				ASSETCATALOG_COMPILER_APPICON_NAME = AppIcon;
				CODE_SIGN_IDENTITY = "iPhone Developer";
				CODE_SIGN_STYLE = Automatic;
				DEVELOPMENT_TEAM = EJ5UD9292F;
				INFOPLIST_FILE = "Shinkansen Tickets Booking Prototype/Info.plist";
				LD_RUNPATH_SEARCH_PATHS = (
					"$(inherited)",
					"@executable_path/Frameworks",
				);
				PRODUCT_BUNDLE_IDENTIFIER = "com.virakri.Shinkansen-Tickets-Booking-Prototype";
				PRODUCT_NAME = "$(TARGET_NAME)";
				PROVISIONING_PROFILE_SPECIFIER = "";
				SWIFT_VERSION = 5.0;
				TARGETED_DEVICE_FAMILY = "1,2";
			};
			name = Release;
		};
/* End XCBuildConfiguration section */

/* Begin XCConfigurationList section */
		D0EAF1AC228B7FB700F3D4F6 /* Build configuration list for PBXProject "Shinkansen Tickets Booking Prototype" */ = {
			isa = XCConfigurationList;
			buildConfigurations = (
				D0EAF1C1228B7FB900F3D4F6 /* Debug */,
				D0EAF1C2228B7FB900F3D4F6 /* Release */,
			);
			defaultConfigurationIsVisible = 0;
			defaultConfigurationName = Release;
		};
		D0EAF1C3228B7FB900F3D4F6 /* Build configuration list for PBXNativeTarget "Shinkansen Tickets Booking Prototype" */ = {
			isa = XCConfigurationList;
			buildConfigurations = (
				D0EAF1C4228B7FB900F3D4F6 /* Debug */,
				D0EAF1C5228B7FB900F3D4F6 /* Release */,
			);
			defaultConfigurationIsVisible = 0;
			defaultConfigurationName = Release;
		};
/* End XCConfigurationList section */
	};
	rootObject = D0EAF1A9228B7FB700F3D4F6 /* Project object */;
}
